
Microsoft Visual Studio Solution File, Format Version 12.00
# Visual Studio Version 17
VisualStudioVersion = 17.12.35527.113
MinimumVisualStudioVersion = 10.0.40219.1
Project("{9A19103F-16F7-4668-BE54-9A1E7A4F7556}") = "Strompi3Console", "Strompi3Console\Strompi3Console.csproj", "{B688309C-360F-4AC3-A070-44261ED61015}"
EndProject
Project("{9A19103F-16F7-4668-BE54-9A1E7A4F7556}") = "Strompi3Lib", "Strompi3Lib\Strompi3Lib.csproj", "{3DF6E59A-A05B-4FEE-A92F-7F67613B55AE}"
EndProject
Project("{FAE04EC0-301F-11D3-BF4B-00C04F79EFBC}") = "StromPi3Monitor.ConsoleApp", "StromPi3Monitor.ConsoleApp\StromPi3Monitor.ConsoleApp.csproj", "{BE83FC21-AF9F-40FC-B03F-B5229E203051}"
EndProject
Project("{FAE04EC0-301F-11D3-BF4B-00C04F79EFBC}") = "Pi.Common", "..\Pi.Common\Pi.Common.csproj", "{52301F0D-41D3-2D6C-178D-F99E2F69F811}"
EndProject
Project("{FAE04EC0-301F-11D3-BF4B-00C04F79EFBC}") = "Pi.HWTest_ZTE_Router", "..\Pi.HWTest_ZTE_Router\Pi.HWTest_ZTE_Router.csproj", "{3DD50A93-1CB6-4BF8-92B4-B72FCA64D0AE}"
EndProject
Global
	GlobalSection(SolutionConfigurationPlatforms) = preSolution
		Debug|Any CPU = Debug|Any CPU
		Release|Any CPU = Release|Any CPU
	EndGlobalSection
	GlobalSection(ProjectConfigurationPlatforms) = postSolution
		{B688309C-360F-4AC3-A070-44261ED61015}.Debug|Any CPU.ActiveCfg = Debug|Any CPU
		{B688309C-360F-4AC3-A070-44261ED61015}.Debug|Any CPU.Build.0 = Debug|Any CPU
		{B688309C-360F-4AC3-A070-44261ED61015}.Release|Any CPU.ActiveCfg = Release|Any CPU
		{B688309C-360F-4AC3-A070-44261ED61015}.Release|Any CPU.Build.0 = Release|Any CPU
		{3DF6E59A-A05B-4FEE-A92F-7F67613B55AE}.Debug|Any CPU.ActiveCfg = Debug|Any CPU
		{3DF6E59A-A05B-4FEE-A92F-7F67613B55AE}.Debug|Any CPU.Build.0 = Debug|Any CPU
		{3DF6E59A-A05B-4FEE-A92F-7F67613B55AE}.Release|Any CPU.ActiveCfg = Release|Any CPU
		{3DF6E59A-A05B-4FEE-A92F-7F67613B55AE}.Release|Any CPU.Build.0 = Release|Any CPU
		{BE83FC21-AF9F-40FC-B03F-B5229E203051}.Debug|Any CPU.ActiveCfg = Debug|Any CPU
		{BE83FC21-AF9F-40FC-B03F-B5229E203051}.Debug|Any CPU.Build.0 = Debug|Any CPU
		{BE83FC21-AF9F-40FC-B03F-B5229E203051}.Release|Any CPU.ActiveCfg = Release|Any CPU
		{BE83FC21-AF9F-40FC-B03F-B5229E203051}.Release|Any CPU.Build.0 = Release|Any CPU
		{52301F0D-41D3-2D6C-178D-F99E2F69F811}.Debug|Any CPU.ActiveCfg = Debug|Any CPU
		{52301F0D-41D3-2D6C-178D-F99E2F69F811}.Debug|Any CPU.Build.0 = Debug|Any CPU
		{52301F0D-41D3-2D6C-178D-F99E2F69F811}.Release|Any CPU.ActiveCfg = Release|Any CPU
		{52301F0D-41D3-2D6C-178D-F99E2F69F811}.Release|Any CPU.Build.0 = Release|Any CPU
		{3DD50A93-1CB6-4BF8-92B4-B72FCA64D0AE}.Debug|Any CPU.ActiveCfg = Debug|Any CPU
		{3DD50A93-1CB6-4BF8-92B4-B72FCA64D0AE}.Debug|Any CPU.Build.0 = Debug|Any CPU
		{3DD50A93-1CB6-4BF8-92B4-B72FCA64D0AE}.Release|Any CPU.ActiveCfg = Release|Any CPU
		{3DD50A93-1CB6-4BF8-92B4-B72FCA64D0AE}.Release|Any CPU.Build.0 = Release|Any CPU
	EndGlobalSection
	GlobalSection(SolutionProperties) = preSolution
		HideSolutionNode = FALSE
	EndGlobalSection
	GlobalSection(ExtensibilityGlobals) = postSolution
		SolutionGuid = {CDD888BF-ADE5-4C55-8E46-4B60E97F123B}
	EndGlobalSection
EndGlobal
